
Microsoft Visual Studio Solution File, Format Version 12.00
# Visual Studio 15
VisualStudioVersion = 15.0.28307.1209
MinimumVisualStudioVersion = 10.0.40219.1
Project("{FAE04EC0-301F-11D3-BF4B-00C04F79EFBC}") = "CallbackusingDelegate", "CallbackusingDelegate\CallbackusingDelegate.csproj", "{BAFF4705-6C4D-4666-8289-DC90D641CCD3}"
EndProject
Global
	GlobalSection(SolutionConfigurationPlatforms) = preSolution
		Debug|Any CPU = Debug|Any CPU
		Release|Any CPU = Release|Any CPU
	EndGlobalSection
	GlobalSection(ProjectConfigurationPlatforms) = postSolution
		{BAFF4705-6C4D-4666-8289-DC90D641CCD3}.Debug|Any CPU.ActiveCfg = Debug|Any CPU
		{BAFF4705-6C4D-4666-8289-DC90D641CCD3}.Debug|Any CPU.Build.0 = Debug|Any CPU
		{BAFF4705-6C4D-4666-8289-DC90D641CCD3}.Release|Any CPU.ActiveCfg = Release|Any CPU
		{BAFF4705-6C4D-4666-8289-DC90D641CCD3}.Release|Any CPU.Build.0 = Release|Any CPU
	EndGlobalSection
	GlobalSection(SolutionProperties) = preSolution
		HideSolutionNode = FALSE
	EndGlobalSection
	GlobalSection(ExtensibilityGlobals) = postSolution
		SolutionGuid = {A8F86B54-C431-47B0-8896-C9D30B6B7FAC}
	EndGlobalSection
EndGlobal
