
Microsoft Visual Studio Solution File, Format Version 12.00
# Visual Studio 15
VisualStudioVersion = 15.0.28307.1209
MinimumVisualStudioVersion = 10.0.40219.1
Project("{FAE04EC0-301F-11D3-BF4B-00C04F79EFBC}") = "ConsoleApp1", "ConsoleApp1\ConsoleApp1.csproj", "{9987AC35-14C2-4EF5-9F27-6A23E65C4357}"
EndProject
Global
	GlobalSection(SolutionConfigurationPlatforms) = preSolution
		Debug|Any CPU = Debug|Any CPU
		Release|Any CPU = Release|Any CPU
	EndGlobalSection
	GlobalSection(ProjectConfigurationPlatforms) = postSolution
		{9987AC35-14C2-4EF5-9F27-6A23E65C4357}.Debug|Any CPU.ActiveCfg = Debug|Any CPU
		{9987AC35-14C2-4EF5-9F27-6A23E65C4357}.Debug|Any CPU.Build.0 = Debug|Any CPU
		{9987AC35-14C2-4EF5-9F27-6A23E65C4357}.Release|Any CPU.ActiveCfg = Release|Any CPU
		{9987AC35-14C2-4EF5-9F27-6A23E65C4357}.Release|Any CPU.Build.0 = Release|Any CPU
	EndGlobalSection
	GlobalSection(SolutionProperties) = preSolution
		HideSolutionNode = FALSE
	EndGlobalSection
	GlobalSection(ExtensibilityGlobals) = postSolution
		SolutionGuid = {F38F7CE4-6983-4FAC-8722-5B2694868EA4}
	EndGlobalSection
EndGlobal
